
Microsoft Visual Studio Solution File, Format Version 12.00
# Visual Studio Version 16
VisualStudioVersion = 16.0.30309.148
MinimumVisualStudioVersion = 10.0.40219.1
Project("{FAE04EC0-301F-11D3-BF4B-00C04F79EFBC}") = "Dannys.Framework", "Dannys.Framework\Dannys.Framework.csproj", "{D379CEE8-7106-4E68-BFCA-40261946A336}"
EndProject
Project("{FAE04EC0-301F-11D3-BF4B-00C04F79EFBC}") = "Dannys.Framework.EFCore", "Dannys.Framework.EFCore\Dannys.Framework.EFCore.csproj", "{7DDB7D28-A510-4D55-88EF-D964BEEC3A61}"
EndProject
Project("{FAE04EC0-301F-11D3-BF4B-00C04F79EFBC}") = "Dannys.Framework.EFCore.SqlServer", "Dannys.Framework.EFCore.SqlServer\Dannys.Framework.EFCore.SqlServer.csproj", "{E5C5C1CB-5FE7-463F-AF69-19318BE73013}"
EndProject
Global
	GlobalSection(SolutionConfigurationPlatforms) = preSolution
		Debug|Any CPU = Debug|Any CPU
		Release|Any CPU = Release|Any CPU
	EndGlobalSection
	GlobalSection(ProjectConfigurationPlatforms) = postSolution
		{D379CEE8-7106-4E68-BFCA-40261946A336}.Debug|Any CPU.ActiveCfg = Debug|Any CPU
		{D379CEE8-7106-4E68-BFCA-40261946A336}.Debug|Any CPU.Build.0 = Debug|Any CPU
		{D379CEE8-7106-4E68-BFCA-40261946A336}.Release|Any CPU.ActiveCfg = Release|Any CPU
		{D379CEE8-7106-4E68-BFCA-40261946A336}.Release|Any CPU.Build.0 = Release|Any CPU
		{7DDB7D28-A510-4D55-88EF-D964BEEC3A61}.Debug|Any CPU.ActiveCfg = Debug|Any CPU
		{7DDB7D28-A510-4D55-88EF-D964BEEC3A61}.Debug|Any CPU.Build.0 = Debug|Any CPU
		{7DDB7D28-A510-4D55-88EF-D964BEEC3A61}.Release|Any CPU.ActiveCfg = Release|Any CPU
		{7DDB7D28-A510-4D55-88EF-D964BEEC3A61}.Release|Any CPU.Build.0 = Release|Any CPU
		{E5C5C1CB-5FE7-463F-AF69-19318BE73013}.Debug|Any CPU.ActiveCfg = Debug|Any CPU
		{E5C5C1CB-5FE7-463F-AF69-19318BE73013}.Debug|Any CPU.Build.0 = Debug|Any CPU
		{E5C5C1CB-5FE7-463F-AF69-19318BE73013}.Release|Any CPU.ActiveCfg = Release|Any CPU
		{E5C5C1CB-5FE7-463F-AF69-19318BE73013}.Release|Any CPU.Build.0 = Release|Any CPU
	EndGlobalSection
	GlobalSection(SolutionProperties) = preSolution
		HideSolutionNode = FALSE
	EndGlobalSection
	GlobalSection(ExtensibilityGlobals) = postSolution
		SolutionGuid = {1D88014E-A048-4B82-9871-593188507C62}
	EndGlobalSection
EndGlobal
